
Microsoft Visual Studio Solution File, Format Version 12.00
# Visual Studio 15
VisualStudioVersion = 15.0.26124.0
MinimumVisualStudioVersion = 15.0.26124.0
Project("{FAE04EC0-301F-11D3-BF4B-00C04F79EFBC}") = "Algorithms", "AlgorithmsAndDs\Algorithms.csproj", "{AEAF08B2-BA54-4FDC-9BD6-547D26A35EED}"
EndProject
Project("{FAE04EC0-301F-11D3-BF4B-00C04F79EFBC}") = "AlgorithmsAndDs.Tests", "AlgorithmsAndDs.Tests\AlgorithmsAndDs.Tests.csproj", "{60EAF83E-3273-4EB9-8CC7-BB58873D6CC0}"
EndProject
Global
	GlobalSection(SolutionConfigurationPlatforms) = preSolution
		Debug|Any CPU = Debug|Any CPU
		Debug|x64 = Debug|x64
		Debug|x86 = Debug|x86
		Release|Any CPU = Release|Any CPU
		Release|x64 = Release|x64
		Release|x86 = Release|x86
	EndGlobalSection
	GlobalSection(SolutionProperties) = preSolution
		HideSolutionNode = FALSE
	EndGlobalSection
	GlobalSection(ProjectConfigurationPlatforms) = postSolution
		{AEAF08B2-BA54-4FDC-9BD6-547D26A35EED}.Debug|Any CPU.ActiveCfg = Debug|Any CPU
		{AEAF08B2-BA54-4FDC-9BD6-547D26A35EED}.Debug|Any CPU.Build.0 = Debug|Any CPU
		{AEAF08B2-BA54-4FDC-9BD6-547D26A35EED}.Debug|x64.ActiveCfg = Debug|Any CPU
		{AEAF08B2-BA54-4FDC-9BD6-547D26A35EED}.Debug|x64.Build.0 = Debug|Any CPU
		{AEAF08B2-BA54-4FDC-9BD6-547D26A35EED}.Debug|x86.ActiveCfg = Debug|Any CPU
		{AEAF08B2-BA54-4FDC-9BD6-547D26A35EED}.Debug|x86.Build.0 = Debug|Any CPU
		{AEAF08B2-BA54-4FDC-9BD6-547D26A35EED}.Release|Any CPU.ActiveCfg = Release|Any CPU
		{AEAF08B2-BA54-4FDC-9BD6-547D26A35EED}.Release|Any CPU.Build.0 = Release|Any CPU
		{AEAF08B2-BA54-4FDC-9BD6-547D26A35EED}.Release|x64.ActiveCfg = Release|Any CPU
		{AEAF08B2-BA54-4FDC-9BD6-547D26A35EED}.Release|x64.Build.0 = Release|Any CPU
		{AEAF08B2-BA54-4FDC-9BD6-547D26A35EED}.Release|x86.ActiveCfg = Release|Any CPU
		{AEAF08B2-BA54-4FDC-9BD6-547D26A35EED}.Release|x86.Build.0 = Release|Any CPU
		{60EAF83E-3273-4EB9-8CC7-BB58873D6CC0}.Debug|Any CPU.ActiveCfg = Debug|Any CPU
		{60EAF83E-3273-4EB9-8CC7-BB58873D6CC0}.Debug|Any CPU.Build.0 = Debug|Any CPU
		{60EAF83E-3273-4EB9-8CC7-BB58873D6CC0}.Debug|x64.ActiveCfg = Debug|Any CPU
		{60EAF83E-3273-4EB9-8CC7-BB58873D6CC0}.Debug|x64.Build.0 = Debug|Any CPU
		{60EAF83E-3273-4EB9-8CC7-BB58873D6CC0}.Debug|x86.ActiveCfg = Debug|Any CPU
		{60EAF83E-3273-4EB9-8CC7-BB58873D6CC0}.Debug|x86.Build.0 = Debug|Any CPU
		{60EAF83E-3273-4EB9-8CC7-BB58873D6CC0}.Release|Any CPU.ActiveCfg = Release|Any CPU
		{60EAF83E-3273-4EB9-8CC7-BB58873D6CC0}.Release|Any CPU.Build.0 = Release|Any CPU
		{60EAF83E-3273-4EB9-8CC7-BB58873D6CC0}.Release|x64.ActiveCfg = Release|Any CPU
		{60EAF83E-3273-4EB9-8CC7-BB58873D6CC0}.Release|x64.Build.0 = Release|Any CPU
		{60EAF83E-3273-4EB9-8CC7-BB58873D6CC0}.Release|x86.ActiveCfg = Release|Any CPU
		{60EAF83E-3273-4EB9-8CC7-BB58873D6CC0}.Release|x86.Build.0 = Release|Any CPU
	EndGlobalSection
EndGlobal
